
Microsoft Visual Studio Solution File, Format Version 12.00
# Visual Studio Version 17
VisualStudioVersion = 17.5.33516.290
MinimumVisualStudioVersion = 10.0.40219.1
Project("{FAE04EC0-301F-11D3-BF4B-00C04F79EFBC}") = "SendSMC", "CargaDatos\SendSMC.csproj", "{1A65D951-BF28-4106-8AAB-67BC674EAE41}"
EndProject
Global
	GlobalSection(SolutionConfigurationPlatforms) = preSolution
		Debug|Any CPU = Debug|Any CPU
		Release|Any CPU = Release|Any CPU
	EndGlobalSection
	GlobalSection(ProjectConfigurationPlatforms) = postSolution
		{1A65D951-BF28-4106-8AAB-67BC674EAE41}.Debug|Any CPU.ActiveCfg = Debug|Any CPU
		{1A65D951-BF28-4106-8AAB-67BC674EAE41}.Debug|Any CPU.Build.0 = Debug|Any CPU
		{1A65D951-BF28-4106-8AAB-67BC674EAE41}.Release|Any CPU.ActiveCfg = Release|Any CPU
		{1A65D951-BF28-4106-8AAB-67BC674EAE41}.Release|Any CPU.Build.0 = Release|Any CPU
	EndGlobalSection
	GlobalSection(SolutionProperties) = preSolution
		HideSolutionNode = FALSE
	EndGlobalSection
	GlobalSection(ExtensibilityGlobals) = postSolution
		SolutionGuid = {00C585DD-0E4D-4E38-A457-8C3E56E890DB}
	EndGlobalSection
EndGlobal
